// !$*UTF8*$!
{
	archiveVersion = 1;
	classes = {
	};
	objectVersion = 46;
	objects = {

/* Begin PBXBuildFile section */
		F36BB81C1D99AA22008A7378 /* AppDelegate.swift in Sources */ = {isa = PBXBuildFile; fileRef = F36BB81B1D99AA22008A7378 /* AppDelegate.swift */; };
		F36BB81E1D99AA22008A7378 /* ViewController.swift in Sources */ = {isa = PBXBuildFile; fileRef = F36BB81D1D99AA22008A7378 /* ViewController.swift */; };
		F36BB8211D99AA22008A7378 /* Main.storyboard in Resources */ = {isa = PBXBuildFile; fileRef = F36BB81F1D99AA22008A7378 /* Main.storyboard */; };
		F36BB8231D99AA22008A7378 /* Assets.xcassets in Resources */ = {isa = PBXBuildFile; fileRef = F36BB8221D99AA22008A7378 /* Assets.xcassets */; };
		F36BB8261D99AA22008A7378 /* LaunchScreen.storyboard in Resources */ = {isa = PBXBuildFile; fileRef = F36BB8241D99AA22008A7378 /* LaunchScreen.storyboard */; };
/* End PBXBuildFile section */

/* Begin PBXFileReference section */
		F36BB8181D99AA22008A7378 /* NewPlan.app */ = {isa = PBXFileReference; explicitFileType = wrapper.application; includeInIndex = 0; path = NewPlan.app; sourceTree = BUILT_PRODUCTS_DIR; };
		F36BB81B1D99AA22008A7378 /* AppDelegate.swift */ = {isa = PBXFileReference; lastKnownFileType = sourcecode.swift; path = AppDelegate.swift; sourceTree = "<group>"; };
		F36BB81D1D99AA22008A7378 /* ViewController.swift */ = {isa = PBXFileReference; lastKnownFileType = sourcecode.swift; path = ViewController.swift; sourceTree = "<group>"; };
		F36BB8201D99AA22008A7378 /* Base */ = {isa = PBXFileReference; lastKnownFileType = file.storyboard; name = Base; path = Base.lproj/Main.storyboard; sourceTree = "<group>"; };
		F36BB8221D99AA22008A7378 /* Assets.xcassets */ = {isa = PBXFileReference; lastKnownFileType = folder.assetcatalog; path = Assets.xcassets; sourceTree = "<group>"; };
		F36BB8251D99AA22008A7378 /* Base */ = {isa = PBXFileReference; lastKnownFileType = file.storyboard; name = Base; path = Base.lproj/LaunchScreen.storyboard; sourceTree = "<group>"; };
		F36BB8271D99AA22008A7378 /* Info.plist */ = {isa = PBXFileReference; lastKnownFileType = text.plist.xml; path = Info.plist; sourceTree = "<group>"; };
/* End PBXFileReference section */

/* Begin PBXFrameworksBuildPhase section */
		F36BB8151D99AA22008A7378 /* Frameworks */ = {
			isa = PBXFrameworksBuildPhase;
			buildActionMask = 2147483647;
			files = (
			);
			runOnlyForDeploymentPostprocessing = 0;
		};
/* End PBXFrameworksBuildPhase section */

/* Begin PBXGroup section */
		F36BB80F1D99AA22008A7378 = {
			isa = PBXGroup;
			children = (
				F36BB81A1D99AA22008A7378 /* NewPlan */,
				F36BB8191D99AA22008A7378 /* Products */,
			);
			sourceTree = "<group>";
		};
		F36BB8191D99AA22008A7378 /* Products */ = {
			isa = PBXGroup;
			children = (
				F36BB8181D99AA22008A7378 /* NewPlan.app */,
			);
			name = Products;
			sourceTree = "<group>";
		};
		F36BB81A1D99AA22008A7378 /* NewPlan */ = {
			isa = PBXGroup;
			children = (
				F36BB81B1D99AA22008A7378 /* AppDelegate.swift */,
				F36BB81D1D99AA22008A7378 /* ViewController.swift */,
				F36BB81F1D99AA22008A7378 /* Main.storyboard */,
				F36BB8221D99AA22008A7378 /* Assets.xcassets */,
				F36BB8241D99AA22008A7378 /* LaunchScreen.storyboard */,
				F36BB8271D99AA22008A7378 /* Info.plist */,
			);
			path = NewPlan;
			sourceTree = "<group>";
		};
/* End PBXGroup section */

/* Begin PBXNativeTarget section */
		F36BB8171D99AA22008A7378 /* NewPlan */ = {
			isa = PBXNativeTarget;
			buildConfigurationList = F36BB82A1D99AA22008A7378 /* Build configuration list for PBXNativeTarget "NewPlan" */;
			buildPhases = (
				F36BB8141D99AA22008A7378 /* Sources */,
				F36BB8151D99AA22008A7378 /* Frameworks */,
				F36BB8161D99AA22008A7378 /* Resources */,
			);
			buildRules = (
			);
			dependencies = (
			);
			name = NewPlan;
			productName = NewPlan;
			productReference = F36BB8181D99AA22008A7378 /* NewPlan.app */;
			productType = "com.apple.product-type.application";
		};
/* End PBXNativeTarget section */

/* Begin PBXProject section */
		F36BB8101D99AA22008A7378 /* Project object */ = {
			isa = PBXProject;
			attributes = {
				LastSwiftUpdateCheck = 0720;
				LastUpgradeCheck = 0720;
				ORGANIZATIONNAME = "Smith, Arick";
				TargetAttributes = {
					F36BB8171D99AA22008A7378 = {
						CreatedOnToolsVersion = 7.2;
					};
				};
			};
			buildConfigurationList = F36BB8131D99AA22008A7378 /* Build configuration list for PBXProject "NewPlan" */;
			compatibilityVersion = "Xcode 3.2";
			developmentRegion = English;
			hasScannedForEncodings = 0;
			knownRegions = (
				en,
				Base,
			);
			mainGroup = F36BB80F1D99AA22008A7378;
			productRefGroup = F36BB8191D99AA22008A7378 /* Products */;
			projectDirPath = "";
			projectRoot = "";
			targets = (
				F36BB8171D99AA22008A7378 /* NewPlan */,
			);
		};
/* End PBXProject section */

/* Begin PBXResourcesBuildPhase section */
		F36BB8161D99AA22008A7378 /* Resources */ = {
			isa = PBXResourcesBuildPhase;
			buildActionMask = 2147483647;
			files = (
				F36BB8261D99AA22008A7378 /* LaunchScreen.storyboard in Resources */,
				F36BB8231D99AA22008A7378 /* Assets.xcassets in Resources */,
				F36BB8211D99AA22008A7378 /* Main.storyboard in Resources */,
			);
			runOnlyForDeploymentPostprocessing = 0;
		};
/* End PBXResourcesBuildPhase section */

/* Begin PBXSourcesBuildPhase section */
		F36BB8141D99AA22008A7378 /* Sources */ = {
			isa = PBXSourcesBuildPhase;
			buildActionMask = 2147483647;
			files = (
				F36BB81E1D99AA22008A7378 /* ViewController.swift in Sources */,
				F36BB81C1D99AA22008A7378 /* AppDelegate.swift in Sources */,
			);
			runOnlyForDeploymentPostprocessing = 0;
		};
/* End PBXSourcesBuildPhase section */

/* Begin PBXVariantGroup section */
		F36BB81F1D99AA22008A7378 /* Main.storyboard */ = {
			isa = PBXVariantGroup;
			children = (
				F36BB8201D99AA22008A7378 /* Base */,
			);
			name = Main.storyboard;
			sourceTree = "<group>";
		};
		F36BB8241D99AA22008A7378 /* LaunchScreen.storyboard */ = {
			isa = PBXVariantGroup;
			children = (
				F36BB8251D99AA22008A7378 /* Base */,
			);
			name = LaunchScreen.storyboard;
			sourceTree = "<group>";
		};
/* End PBXVariantGroup section */

/* Begin XCBuildConfiguration section */
		F36BB8281D99AA22008A7378 /* Debug */ = {
			isa = XCBuildConfiguration;
			buildSettings = {
				ALWAYS_SEARCH_USER_PATHS = NO;
				CLANG_CXX_LANGUAGE_STANDARD = "gnu++0x";
				CLANG_CXX_LIBRARY = "libc++";
				CLANG_ENABLE_MODULES = YES;
				CLANG_ENABLE_OBJC_ARC = YES;
				CLANG_WARN_BOOL_CONVERSION = YES;
				CLANG_WARN_CONSTANT_CONVERSION = YES;
				CLANG_WARN_DIRECT_OBJC_ISA_USAGE = YES_ERROR;
				CLANG_WARN_EMPTY_BODY = YES;
				CLANG_WARN_ENUM_CONVERSION = YES;
				CLANG_WARN_INT_CONVERSION = YES;
				CLANG_WARN_OBJC_ROOT_CLASS = YES_ERROR;
				CLANG_WARN_UNREACHABLE_CODE = YES;
				CLANG_WARN__DUPLICATE_METHOD_MATCH = YES;
				"CODE_SIGN_IDENTITY[sdk=iphoneos*]" = "iPhone Developer";
				COPY_PHASE_STRIP = NO;
				DEBUG_INFORMATION_FORMAT = dwarf;
				ENABLE_STRICT_OBJC_MSGSEND = YES;
				ENABLE_TESTABILITY = YES;
				GCC_C_LANGUAGE_STANDARD = gnu99;
				GCC_DYNAMIC_NO_PIC = NO;
				GCC_NO_COMMON_BLOCKS = YES;
				GCC_OPTIMIZATION_LEVEL = 0;
				GCC_PREPROCESSOR_DEFINITIONS = (
					"DEBUG=1",
					"$(inherited)",
				);
				GCC_WARN_64_TO_32_BIT_CONVERSION = YES;
				GCC_WARN_ABOUT_RETURN_TYPE = YES_ERROR;
				GCC_WARN_UNDECLARED_SELECTOR = YES;
				GCC_WARN_UNINITIALIZED_AUTOS = YES_AGGRESSIVE;
				GCC_WARN_UNUSED_FUNCTION = YES;
				GCC_WARN_UNUSED_VARIABLE = YES;
				IPHONEOS_DEPLOYMENT_TARGET = 9.2;
				MTL_ENABLE_DEBUG_INFO = YES;
				ONLY_ACTIVE_ARCH = YES;
				SDKROOT = iphoneos;
				SWIFT_OPTIMIZATION_LEVEL = "-Onone";
				TARGETED_DEVICE_FAMILY = "1,2";
			};
			name = Debug;
		};
		F36BB8291D99AA22008A7378 /* Release */ = {
			isa = XCBuildConfiguration;
			buildSettings = {
				ALWAYS_SEARCH_USER_PATHS = NO;
				CLANG_CXX_LANGUAGE_STANDARD = "gnu++0x";
				CLANG_CXX_LIBRARY = "libc++";
				CLANG_ENABLE_MODULES = YES;
				CLANG_ENABLE_OBJC_ARC = YES;
				CLANG_WARN_BOOL_CONVERSION = YES;
				CLANG_WARN_CONSTANT_CONVERSION = YES;
				CLANG_WARN_DIRECT_OBJC_ISA_USAGE = YES_ERROR;
				CLANG_WARN_EMPTY_BODY = YES;
				CLANG_WARN_ENUM_CONVERSION = YES;
				CLANG_WARN_INT_CONVERSION = YES;
				CLANG_WARN_OBJC_ROOT_CLASS = YES_ERROR;
				CLANG_WARN_UNREACHABLE_CODE = YES;
				CLANG_WARN__DUPLICATE_METHOD_MATCH = YES;
				"CODE_SIGN_IDENTITY[sdk=iphoneos*]" = "iPhone Developer";
				COPY_PHASE_STRIP = NO;
				DEBUG_INFORMATION_FORMAT = "dwarf-with-dsym";
				ENABLE_NS_ASSERTIONS = NO;
				ENABLE_STRICT_OBJC_MSGSEND = YES;
				GCC_C_LANGUAGE_STANDARD = gnu99;
				GCC_NO_COMMON_BLOCKS = YES;
				GCC_WARN_64_TO_32_BIT_CONVERSION = YES;
				GCC_WARN_ABOUT_RETURN_TYPE = YES_ERROR;
				GCC_WARN_UNDECLARED_SELECTOR = YES;
				GCC_WARN_UNINITIALIZED_AUTOS = YES_AGGRESSIVE;
				GCC_WARN_UNUSED_FUNCTION = YES;
				GCC_WARN_UNUSED_VARIABLE = YES;
				IPHONEOS_DEPLOYMENT_TARGET = 9.2;
				MTL_ENABLE_DEBUG_INFO = NO;
				SDKROOT = iphoneos;
				TARGETED_DEVICE_FAMILY = "1,2";
				VALIDATE_PRODUCT = YES;
			};
			name = Release;
		};
		F36BB82B1D99AA22008A7378 /* Debug */ = {
			isa = XCBuildConfiguration;
			buildSettings = {
				ASSETCATALOG_COMPILER_APPICON_NAME = AppIcon;
				INFOPLIST_FILE = NewPlan/Info.plist;
				LD_RUNPATH_SEARCH_PATHS = "$(inherited) @executable_path/Frameworks";
				PRODUCT_BUNDLE_IDENTIFIER = "C-tec.NewPlan";
				PRODUCT_NAME = "$(TARGET_NAME)";
			};
			name = Debug;
		};
		F36BB82C1D99AA22008A7378 /* Release */ = {
			isa = XCBuildConfiguration;
			buildSettings = {
				ASSETCATALOG_COMPILER_APPICON_NAME = AppIcon;
				INFOPLIST_FILE = NewPlan/Info.plist;
				LD_RUNPATH_SEARCH_PATHS = "$(inherited) @executable_path/Frameworks";
				PRODUCT_BUNDLE_IDENTIFIER = "C-tec.NewPlan";
				PRODUCT_NAME = "$(TARGET_NAME)";
			};
			name = Release;
		};
/* End XCBuildConfiguration section */

/* Begin XCConfigurationList section */
		F36BB8131D99AA22008A7378 /* Build configuration list for PBXProject "NewPlan" */ = {
			isa = XCConfigurationList;
			buildConfigurations = (
				F36BB8281D99AA22008A7378 /* Debug */,
				F36BB8291D99AA22008A7378 /* Release */,
			);
			defaultConfigurationIsVisible = 0;
			defaultConfigurationName = Release;
		};
		F36BB82A1D99AA22008A7378 /* Build configuration list for PBXNativeTarget "NewPlan" */ = {
			isa = XCConfigurationList;
			buildConfigurations = (
				F36BB82B1D99AA22008A7378 /* Debug */,
				F36BB82C1D99AA22008A7378 /* Release */,
			);
			defaultConfigurationIsVisible = 0;
		};
/* End XCConfigurationList section */
	};
	rootObject = F36BB8101D99AA22008A7378 /* Project object */;
}
